
Microsoft Visual Studio Solution File, Format Version 12.00
# Visual Studio Version 16
VisualStudioVersion = 16.0.30309.148
MinimumVisualStudioVersion = 10.0.40219.1
Project("{FAE04EC0-301F-11D3-BF4B-00C04F79EFBC}") = "FindMaximumValue", "FindMaximumValue.csproj", "{EC943DAE-D580-4915-91B9-50A99E63F8A1}"
EndProject
Project("{FAE04EC0-301F-11D3-BF4B-00C04F79EFBC}") = "FindMaximumValueTesting", "..\FindMaximumValueTesting\FindMaximumValueTesting.csproj", "{70103485-BF13-4C91-812A-216418B2134A}"
EndProject
Global
	GlobalSection(SolutionConfigurationPlatforms) = preSolution
		Debug|Any CPU = Debug|Any CPU
		Release|Any CPU = Release|Any CPU
	EndGlobalSection
	GlobalSection(ProjectConfigurationPlatforms) = postSolution
		{EC943DAE-D580-4915-91B9-50A99E63F8A1}.Debug|Any CPU.ActiveCfg = Debug|Any CPU
		{EC943DAE-D580-4915-91B9-50A99E63F8A1}.Debug|Any CPU.Build.0 = Debug|Any CPU
		{EC943DAE-D580-4915-91B9-50A99E63F8A1}.Release|Any CPU.ActiveCfg = Release|Any CPU
		{EC943DAE-D580-4915-91B9-50A99E63F8A1}.Release|Any CPU.Build.0 = Release|Any CPU
		{70103485-BF13-4C91-812A-216418B2134A}.Debug|Any CPU.ActiveCfg = Debug|Any CPU
		{70103485-BF13-4C91-812A-216418B2134A}.Debug|Any CPU.Build.0 = Debug|Any CPU
		{70103485-BF13-4C91-812A-216418B2134A}.Release|Any CPU.ActiveCfg = Release|Any CPU
		{70103485-BF13-4C91-812A-216418B2134A}.Release|Any CPU.Build.0 = Release|Any CPU
	EndGlobalSection
	GlobalSection(SolutionProperties) = preSolution
		HideSolutionNode = FALSE
	EndGlobalSection
	GlobalSection(ExtensibilityGlobals) = postSolution
		SolutionGuid = {7BADFA03-34E3-4DE6-AF59-406F41EFC05B}
	EndGlobalSection
EndGlobal
