
Microsoft Visual Studio Solution File, Format Version 12.00
# Visual Studio Version 16
VisualStudioVersion = 16.0.30413.136
MinimumVisualStudioVersion = 10.0.40219.1
Project("{FAE04EC0-301F-11D3-BF4B-00C04F79EFBC}") = "LeftJoin", "LeftJoin.csproj", "{547119BA-E395-41AB-8E3C-F5C826D10941}"
EndProject
Project("{FAE04EC0-301F-11D3-BF4B-00C04F79EFBC}") = "LeftJoinTesting", "..\LeftJoinTesting\LeftJoinTesting.csproj", "{C748C9AD-7AAB-4C1D-A091-8138E6653FFC}"
EndProject
Global
	GlobalSection(SolutionConfigurationPlatforms) = preSolution
		Debug|Any CPU = Debug|Any CPU
		Release|Any CPU = Release|Any CPU
	EndGlobalSection
	GlobalSection(ProjectConfigurationPlatforms) = postSolution
		{547119BA-E395-41AB-8E3C-F5C826D10941}.Debug|Any CPU.ActiveCfg = Debug|Any CPU
		{547119BA-E395-41AB-8E3C-F5C826D10941}.Debug|Any CPU.Build.0 = Debug|Any CPU
		{547119BA-E395-41AB-8E3C-F5C826D10941}.Release|Any CPU.ActiveCfg = Release|Any CPU
		{547119BA-E395-41AB-8E3C-F5C826D10941}.Release|Any CPU.Build.0 = Release|Any CPU
		{C748C9AD-7AAB-4C1D-A091-8138E6653FFC}.Debug|Any CPU.ActiveCfg = Debug|Any CPU
		{C748C9AD-7AAB-4C1D-A091-8138E6653FFC}.Debug|Any CPU.Build.0 = Debug|Any CPU
		{C748C9AD-7AAB-4C1D-A091-8138E6653FFC}.Release|Any CPU.ActiveCfg = Release|Any CPU
		{C748C9AD-7AAB-4C1D-A091-8138E6653FFC}.Release|Any CPU.Build.0 = Release|Any CPU
	EndGlobalSection
	GlobalSection(SolutionProperties) = preSolution
		HideSolutionNode = FALSE
	EndGlobalSection
	GlobalSection(ExtensibilityGlobals) = postSolution
		SolutionGuid = {0E8C8597-03D6-40EE-B2EA-9E422ABA2477}
	EndGlobalSection
EndGlobal
