
Microsoft Visual Studio Solution File, Format Version 12.00
# Visual Studio Version 16
VisualStudioVersion = 16.0.30330.147
MinimumVisualStudioVersion = 10.0.40219.1
Project("{FAE04EC0-301F-11D3-BF4B-00C04F79EFBC}") = "InsertionSort", "InsertionSort.csproj", "{1C545CE6-A30F-4194-BD46-825CCB60ACDC}"
EndProject
Project("{FAE04EC0-301F-11D3-BF4B-00C04F79EFBC}") = "InsertionSortTesting", "..\InsertionSortTesting\InsertionSortTesting.csproj", "{4A430B75-0377-4EB3-A57F-4EB7EB71947B}"
EndProject
Global
	GlobalSection(SolutionConfigurationPlatforms) = preSolution
		Debug|Any CPU = Debug|Any CPU
		Release|Any CPU = Release|Any CPU
	EndGlobalSection
	GlobalSection(ProjectConfigurationPlatforms) = postSolution
		{1C545CE6-A30F-4194-BD46-825CCB60ACDC}.Debug|Any CPU.ActiveCfg = Debug|Any CPU
		{1C545CE6-A30F-4194-BD46-825CCB60ACDC}.Debug|Any CPU.Build.0 = Debug|Any CPU
		{1C545CE6-A30F-4194-BD46-825CCB60ACDC}.Release|Any CPU.ActiveCfg = Release|Any CPU
		{1C545CE6-A30F-4194-BD46-825CCB60ACDC}.Release|Any CPU.Build.0 = Release|Any CPU
		{4A430B75-0377-4EB3-A57F-4EB7EB71947B}.Debug|Any CPU.ActiveCfg = Debug|Any CPU
		{4A430B75-0377-4EB3-A57F-4EB7EB71947B}.Debug|Any CPU.Build.0 = Debug|Any CPU
		{4A430B75-0377-4EB3-A57F-4EB7EB71947B}.Release|Any CPU.ActiveCfg = Release|Any CPU
		{4A430B75-0377-4EB3-A57F-4EB7EB71947B}.Release|Any CPU.Build.0 = Release|Any CPU
	EndGlobalSection
	GlobalSection(SolutionProperties) = preSolution
		HideSolutionNode = FALSE
	EndGlobalSection
	GlobalSection(ExtensibilityGlobals) = postSolution
		SolutionGuid = {AB5B6167-284D-4CB5-8BFF-76582217C4F7}
	EndGlobalSection
EndGlobal
