
Microsoft Visual Studio Solution File, Format Version 12.00
# Visual Studio Version 16
VisualStudioVersion = 16.0.30309.148
MinimumVisualStudioVersion = 10.0.40219.1
Project("{9A19103F-16F7-4668-BE54-9A1E7A4F7556}") = "QueuesWithStacks", "QueuesWithStacks.csproj", "{C62D39A3-0ABC-4929-A369-51FEC7A506BF}"
EndProject
Project("{FAE04EC0-301F-11D3-BF4B-00C04F79EFBC}") = "QueuesWithStacksTesting", "..\QueuesWithStacksTesting\QueuesWithStacksTesting.csproj", "{23E02BDD-41C4-4409-9246-121D140BA8AD}"
EndProject
Global
	GlobalSection(SolutionConfigurationPlatforms) = preSolution
		Debug|Any CPU = Debug|Any CPU
		Release|Any CPU = Release|Any CPU
	EndGlobalSection
	GlobalSection(ProjectConfigurationPlatforms) = postSolution
		{C62D39A3-0ABC-4929-A369-51FEC7A506BF}.Debug|Any CPU.ActiveCfg = Debug|Any CPU
		{C62D39A3-0ABC-4929-A369-51FEC7A506BF}.Debug|Any CPU.Build.0 = Debug|Any CPU
		{C62D39A3-0ABC-4929-A369-51FEC7A506BF}.Release|Any CPU.ActiveCfg = Release|Any CPU
		{C62D39A3-0ABC-4929-A369-51FEC7A506BF}.Release|Any CPU.Build.0 = Release|Any CPU
		{23E02BDD-41C4-4409-9246-121D140BA8AD}.Debug|Any CPU.ActiveCfg = Debug|Any CPU
		{23E02BDD-41C4-4409-9246-121D140BA8AD}.Debug|Any CPU.Build.0 = Debug|Any CPU
		{23E02BDD-41C4-4409-9246-121D140BA8AD}.Release|Any CPU.ActiveCfg = Release|Any CPU
		{23E02BDD-41C4-4409-9246-121D140BA8AD}.Release|Any CPU.Build.0 = Release|Any CPU
	EndGlobalSection
	GlobalSection(SolutionProperties) = preSolution
		HideSolutionNode = FALSE
	EndGlobalSection
	GlobalSection(ExtensibilityGlobals) = postSolution
		SolutionGuid = {BB190AC6-1A27-4A2C-A80D-63AA33705430}
	EndGlobalSection
EndGlobal
