
Microsoft Visual Studio Solution File, Format Version 12.00
# Visual Studio Version 16
VisualStudioVersion = 16.0.30225.117
MinimumVisualStudioVersion = 10.0.40219.1
Project("{FAE04EC0-301F-11D3-BF4B-00C04F79EFBC}") = "ArrayShift", "ArrayShift.csproj", "{CA6CED81-21DF-479B-9C53-E283BF662F2C}"
EndProject
Project("{FAE04EC0-301F-11D3-BF4B-00C04F79EFBC}") = "ArrayShiftTest", "..\ArrayShiftTest\ArrayShiftTest.csproj", "{05A2A640-A1D5-42E7-97D9-A834109EE8C1}"
EndProject
Global
	GlobalSection(SolutionConfigurationPlatforms) = preSolution
		Debug|Any CPU = Debug|Any CPU
		Release|Any CPU = Release|Any CPU
	EndGlobalSection
	GlobalSection(ProjectConfigurationPlatforms) = postSolution
		{CA6CED81-21DF-479B-9C53-E283BF662F2C}.Debug|Any CPU.ActiveCfg = Debug|Any CPU
		{CA6CED81-21DF-479B-9C53-E283BF662F2C}.Debug|Any CPU.Build.0 = Debug|Any CPU
		{CA6CED81-21DF-479B-9C53-E283BF662F2C}.Release|Any CPU.ActiveCfg = Release|Any CPU
		{CA6CED81-21DF-479B-9C53-E283BF662F2C}.Release|Any CPU.Build.0 = Release|Any CPU
		{05A2A640-A1D5-42E7-97D9-A834109EE8C1}.Debug|Any CPU.ActiveCfg = Debug|Any CPU
		{05A2A640-A1D5-42E7-97D9-A834109EE8C1}.Debug|Any CPU.Build.0 = Debug|Any CPU
		{05A2A640-A1D5-42E7-97D9-A834109EE8C1}.Release|Any CPU.ActiveCfg = Release|Any CPU
		{05A2A640-A1D5-42E7-97D9-A834109EE8C1}.Release|Any CPU.Build.0 = Release|Any CPU
	EndGlobalSection
	GlobalSection(SolutionProperties) = preSolution
		HideSolutionNode = FALSE
	EndGlobalSection
	GlobalSection(ExtensibilityGlobals) = postSolution
		SolutionGuid = {4C658D2D-3DB0-4D7D-BCDC-FEDF9F0270D5}
	EndGlobalSection
EndGlobal
