
Microsoft Visual Studio Solution File, Format Version 12.00
# Visual Studio Version 16
VisualStudioVersion = 16.0.30330.147
MinimumVisualStudioVersion = 10.0.40219.1
Project("{FAE04EC0-301F-11D3-BF4B-00C04F79EFBC}") = "RepeatedWord", "RepeatedWord.csproj", "{C29EBD87-A9CC-4044-A831-095D8482383D}"
EndProject
Project("{FAE04EC0-301F-11D3-BF4B-00C04F79EFBC}") = "RepeatedWordTesting", "..\RepeatedWordTesting\RepeatedWordTesting.csproj", "{88CAFF69-FE85-4DE3-90EF-28909081FAD8}"
EndProject
Global
	GlobalSection(SolutionConfigurationPlatforms) = preSolution
		Debug|Any CPU = Debug|Any CPU
		Release|Any CPU = Release|Any CPU
	EndGlobalSection
	GlobalSection(ProjectConfigurationPlatforms) = postSolution
		{C29EBD87-A9CC-4044-A831-095D8482383D}.Debug|Any CPU.ActiveCfg = Debug|Any CPU
		{C29EBD87-A9CC-4044-A831-095D8482383D}.Debug|Any CPU.Build.0 = Debug|Any CPU
		{C29EBD87-A9CC-4044-A831-095D8482383D}.Release|Any CPU.ActiveCfg = Release|Any CPU
		{C29EBD87-A9CC-4044-A831-095D8482383D}.Release|Any CPU.Build.0 = Release|Any CPU
		{88CAFF69-FE85-4DE3-90EF-28909081FAD8}.Debug|Any CPU.ActiveCfg = Debug|Any CPU
		{88CAFF69-FE85-4DE3-90EF-28909081FAD8}.Debug|Any CPU.Build.0 = Debug|Any CPU
		{88CAFF69-FE85-4DE3-90EF-28909081FAD8}.Release|Any CPU.ActiveCfg = Release|Any CPU
		{88CAFF69-FE85-4DE3-90EF-28909081FAD8}.Release|Any CPU.Build.0 = Release|Any CPU
	EndGlobalSection
	GlobalSection(SolutionProperties) = preSolution
		HideSolutionNode = FALSE
	EndGlobalSection
	GlobalSection(ExtensibilityGlobals) = postSolution
		SolutionGuid = {A2236341-3FE1-4CD3-B0FB-58C8EE0F2E6D}
	EndGlobalSection
EndGlobal
