
Microsoft Visual Studio Solution File, Format Version 12.00
# Visual Studio Version 16
VisualStudioVersion = 16.0.30330.147
MinimumVisualStudioVersion = 10.0.40219.1
Project("{FAE04EC0-301F-11D3-BF4B-00C04F79EFBC}") = "GenericIComparableBST", "GenericIComparableBST.csproj", "{4A72E5F3-6414-4CC1-B824-2ECEE21CBC4D}"
EndProject
Project("{FAE04EC0-301F-11D3-BF4B-00C04F79EFBC}") = "BinarySearchTreeTesting", "..\BinarySearchTreeTesting\BinarySearchTreeTesting.csproj", "{579173F7-B8E2-453F-8683-C02B727EE67D}"
EndProject
Global
	GlobalSection(SolutionConfigurationPlatforms) = preSolution
		Debug|Any CPU = Debug|Any CPU
		Release|Any CPU = Release|Any CPU
	EndGlobalSection
	GlobalSection(ProjectConfigurationPlatforms) = postSolution
		{4A72E5F3-6414-4CC1-B824-2ECEE21CBC4D}.Debug|Any CPU.ActiveCfg = Debug|Any CPU
		{4A72E5F3-6414-4CC1-B824-2ECEE21CBC4D}.Debug|Any CPU.Build.0 = Debug|Any CPU
		{4A72E5F3-6414-4CC1-B824-2ECEE21CBC4D}.Release|Any CPU.ActiveCfg = Release|Any CPU
		{4A72E5F3-6414-4CC1-B824-2ECEE21CBC4D}.Release|Any CPU.Build.0 = Release|Any CPU
		{579173F7-B8E2-453F-8683-C02B727EE67D}.Debug|Any CPU.ActiveCfg = Debug|Any CPU
		{579173F7-B8E2-453F-8683-C02B727EE67D}.Debug|Any CPU.Build.0 = Debug|Any CPU
		{579173F7-B8E2-453F-8683-C02B727EE67D}.Release|Any CPU.ActiveCfg = Release|Any CPU
		{579173F7-B8E2-453F-8683-C02B727EE67D}.Release|Any CPU.Build.0 = Release|Any CPU
	EndGlobalSection
	GlobalSection(SolutionProperties) = preSolution
		HideSolutionNode = FALSE
	EndGlobalSection
	GlobalSection(ExtensibilityGlobals) = postSolution
		SolutionGuid = {FF4A554C-75BA-4D96-A189-9795205B1A03}
	EndGlobalSection
EndGlobal
