
Microsoft Visual Studio Solution File, Format Version 12.00
# Visual Studio Version 16
VisualStudioVersion = 16.0.30309.148
MinimumVisualStudioVersion = 10.0.40219.1
Project("{FAE04EC0-301F-11D3-BF4B-00C04F79EFBC}") = "StacksAndQueues", "StacksAndQueues.csproj", "{F7CBA08B-6F74-4AA7-B55C-5566AE81CED6}"
EndProject
Project("{FAE04EC0-301F-11D3-BF4B-00C04F79EFBC}") = "StacksAndQueuesTests", "..\StacksAndQueuesTests\StacksAndQueuesTests.csproj", "{7E923D9C-D833-4701-8E27-D34EBC21679B}"
EndProject
Global
	GlobalSection(SolutionConfigurationPlatforms) = preSolution
		Debug|Any CPU = Debug|Any CPU
		Release|Any CPU = Release|Any CPU
	EndGlobalSection
	GlobalSection(ProjectConfigurationPlatforms) = postSolution
		{F7CBA08B-6F74-4AA7-B55C-5566AE81CED6}.Debug|Any CPU.ActiveCfg = Debug|Any CPU
		{F7CBA08B-6F74-4AA7-B55C-5566AE81CED6}.Debug|Any CPU.Build.0 = Debug|Any CPU
		{F7CBA08B-6F74-4AA7-B55C-5566AE81CED6}.Release|Any CPU.ActiveCfg = Release|Any CPU
		{F7CBA08B-6F74-4AA7-B55C-5566AE81CED6}.Release|Any CPU.Build.0 = Release|Any CPU
		{7E923D9C-D833-4701-8E27-D34EBC21679B}.Debug|Any CPU.ActiveCfg = Debug|Any CPU
		{7E923D9C-D833-4701-8E27-D34EBC21679B}.Debug|Any CPU.Build.0 = Debug|Any CPU
		{7E923D9C-D833-4701-8E27-D34EBC21679B}.Release|Any CPU.ActiveCfg = Release|Any CPU
		{7E923D9C-D833-4701-8E27-D34EBC21679B}.Release|Any CPU.Build.0 = Release|Any CPU
	EndGlobalSection
	GlobalSection(SolutionProperties) = preSolution
		HideSolutionNode = FALSE
	EndGlobalSection
	GlobalSection(ExtensibilityGlobals) = postSolution
		SolutionGuid = {9A0BAAEB-CB87-4D2E-83F8-1E389D146AAD}
	EndGlobalSection
EndGlobal
